// !$*UTF8*$!
{
	archiveVersion = 1;
	classes = {
	};
	objectVersion = 46;
	objects = {

/* Begin PBXBuildFile section */
		634823BC1DB5645C001B9BCC /* AppDelegate.swift in Sources */ = {isa = PBXBuildFile; fileRef = 634823BB1DB5645C001B9BCC /* AppDelegate.swift */; };
		634823BE1DB5645C001B9BCC /* ViewController.swift in Sources */ = {isa = PBXBuildFile; fileRef = 634823BD1DB5645C001B9BCC /* ViewController.swift */; };
		634823C11DB5645C001B9BCC /* Main.storyboard in Resources */ = {isa = PBXBuildFile; fileRef = 634823BF1DB5645C001B9BCC /* Main.storyboard */; };
		634823C31DB5645C001B9BCC /* Assets.xcassets in Resources */ = {isa = PBXBuildFile; fileRef = 634823C21DB5645C001B9BCC /* Assets.xcassets */; };
		634823C61DB5645C001B9BCC /* LaunchScreen.storyboard in Resources */ = {isa = PBXBuildFile; fileRef = 634823C41DB5645C001B9BCC /* LaunchScreen.storyboard */; };
/* End PBXBuildFile section */

/* Begin PBXFileReference section */
		634823B81DB5645C001B9BCC /* Squat.app */ = {isa = PBXFileReference; explicitFileType = wrapper.application; includeInIndex = 0; path = Squat.app; sourceTree = BUILT_PRODUCTS_DIR; };
		634823BB1DB5645C001B9BCC /* AppDelegate.swift */ = {isa = PBXFileReference; lastKnownFileType = sourcecode.swift; path = AppDelegate.swift; sourceTree = "<group>"; };
		634823BD1DB5645C001B9BCC /* ViewController.swift */ = {isa = PBXFileReference; lastKnownFileType = sourcecode.swift; path = ViewController.swift; sourceTree = "<group>"; };
		634823C01DB5645C001B9BCC /* Base */ = {isa = PBXFileReference; lastKnownFileType = file.storyboard; name = Base; path = Base.lproj/Main.storyboard; sourceTree = "<group>"; };
		634823C21DB5645C001B9BCC /* Assets.xcassets */ = {isa = PBXFileReference; lastKnownFileType = folder.assetcatalog; path = Assets.xcassets; sourceTree = "<group>"; };
		634823C51DB5645C001B9BCC /* Base */ = {isa = PBXFileReference; lastKnownFileType = file.storyboard; name = Base; path = Base.lproj/LaunchScreen.storyboard; sourceTree = "<group>"; };
		634823C71DB5645C001B9BCC /* Info.plist */ = {isa = PBXFileReference; lastKnownFileType = text.plist.xml; path = Info.plist; sourceTree = "<group>"; };
/* End PBXFileReference section */

/* Begin PBXFrameworksBuildPhase section */
		634823B51DB5645C001B9BCC /* Frameworks */ = {
			isa = PBXFrameworksBuildPhase;
			buildActionMask = 2147483647;
			files = (
			);
			runOnlyForDeploymentPostprocessing = 0;
		};
/* End PBXFrameworksBuildPhase section */

/* Begin PBXGroup section */
		634823AF1DB5645C001B9BCC = {
			isa = PBXGroup;
			children = (
				634823BA1DB5645C001B9BCC /* Squat */,
				634823B91DB5645C001B9BCC /* Products */,
			);
			sourceTree = "<group>";
		};
		634823B91DB5645C001B9BCC /* Products */ = {
			isa = PBXGroup;
			children = (
				634823B81DB5645C001B9BCC /* Squat.app */,
			);
			name = Products;
			sourceTree = "<group>";
		};
		634823BA1DB5645C001B9BCC /* Squat */ = {
			isa = PBXGroup;
			children = (
				634823BB1DB5645C001B9BCC /* AppDelegate.swift */,
				634823BD1DB5645C001B9BCC /* ViewController.swift */,
				634823BF1DB5645C001B9BCC /* Main.storyboard */,
				634823C21DB5645C001B9BCC /* Assets.xcassets */,
				634823C41DB5645C001B9BCC /* LaunchScreen.storyboard */,
				634823C71DB5645C001B9BCC /* Info.plist */,
			);
			path = Squat;
			sourceTree = "<group>";
		};
/* End PBXGroup section */

/* Begin PBXNativeTarget section */
		634823B71DB5645C001B9BCC /* Squat */ = {
			isa = PBXNativeTarget;
			buildConfigurationList = 634823CA1DB5645C001B9BCC /* Build configuration list for PBXNativeTarget "Squat" */;
			buildPhases = (
				634823B41DB5645C001B9BCC /* Sources */,
				634823B51DB5645C001B9BCC /* Frameworks */,
				634823B61DB5645C001B9BCC /* Resources */,
			);
			buildRules = (
			);
			dependencies = (
			);
			name = Squat;
			productName = Squat;
			productReference = 634823B81DB5645C001B9BCC /* Squat.app */;
			productType = "com.apple.product-type.application";
		};
/* End PBXNativeTarget section */

/* Begin PBXProject section */
		634823B01DB5645C001B9BCC /* Project object */ = {
			isa = PBXProject;
			attributes = {
				LastSwiftUpdateCheck = 0800;
				LastUpgradeCheck = 0800;
				ORGANIZATIONNAME = "David Lashkhi";
				TargetAttributes = {
					634823B71DB5645C001B9BCC = {
						CreatedOnToolsVersion = 8.0;
						DevelopmentTeam = 2CKNNNH7SR;
						ProvisioningStyle = Automatic;
					};
				};
			};
			buildConfigurationList = 634823B31DB5645C001B9BCC /* Build configuration list for PBXProject "Squat" */;
			compatibilityVersion = "Xcode 3.2";
			developmentRegion = English;
			hasScannedForEncodings = 0;
			knownRegions = (
				en,
				Base,
			);
			mainGroup = 634823AF1DB5645C001B9BCC;
			productRefGroup = 634823B91DB5645C001B9BCC /* Products */;
			projectDirPath = "";
			projectRoot = "";
			targets = (
				634823B71DB5645C001B9BCC /* Squat */,
			);
		};
/* End PBXProject section */

/* Begin PBXResourcesBuildPhase section */
		634823B61DB5645C001B9BCC /* Resources */ = {
			isa = PBXResourcesBuildPhase;
			buildActionMask = 2147483647;
			files = (
				634823C61DB5645C001B9BCC /* LaunchScreen.storyboard in Resources */,
				634823C31DB5645C001B9BCC /* Assets.xcassets in Resources */,
				634823C11DB5645C001B9BCC /* Main.storyboard in Resources */,
			);
			runOnlyForDeploymentPostprocessing = 0;
		};
/* End PBXResourcesBuildPhase section */

/* Begin PBXSourcesBuildPhase section */
		634823B41DB5645C001B9BCC /* Sources */ = {
			isa = PBXSourcesBuildPhase;
			buildActionMask = 2147483647;
			files = (
				634823BE1DB5645C001B9BCC /* ViewController.swift in Sources */,
				634823BC1DB5645C001B9BCC /* AppDelegate.swift in Sources */,
			);
			runOnlyForDeploymentPostprocessing = 0;
		};
/* End PBXSourcesBuildPhase section */

/* Begin PBXVariantGroup section */
		634823BF1DB5645C001B9BCC /* Main.storyboard */ = {
			isa = PBXVariantGroup;
			children = (
				634823C01DB5645C001B9BCC /* Base */,
			);
			name = Main.storyboard;
			sourceTree = "<group>";
		};
		634823C41DB5645C001B9BCC /* LaunchScreen.storyboard */ = {
			isa = PBXVariantGroup;
			children = (
				634823C51DB5645C001B9BCC /* Base */,
			);
			name = LaunchScreen.storyboard;
			sourceTree = "<group>";
		};
/* End PBXVariantGroup section */

/* Begin XCBuildConfiguration section */
		634823C81DB5645C001B9BCC /* Debug */ = {
			isa = XCBuildConfiguration;
			buildSettings = {
				ALWAYS_SEARCH_USER_PATHS = NO;
				CLANG_ANALYZER_NONNULL = YES;
				CLANG_CXX_LANGUAGE_STANDARD = "gnu++0x";
				CLANG_CXX_LIBRARY = "libc++";
				CLANG_ENABLE_MODULES = YES;
				CLANG_ENABLE_OBJC_ARC = YES;
				CLANG_WARN_BOOL_CONVERSION = YES;
				CLANG_WARN_CONSTANT_CONVERSION = YES;
				CLANG_WARN_DIRECT_OBJC_ISA_USAGE = YES_ERROR;
				CLANG_WARN_DOCUMENTATION_COMMENTS = YES;
				CLANG_WARN_EMPTY_BODY = YES;
				CLANG_WARN_ENUM_CONVERSION = YES;
				CLANG_WARN_INFINITE_RECURSION = YES;
				CLANG_WARN_INT_CONVERSION = YES;
				CLANG_WARN_OBJC_ROOT_CLASS = YES_ERROR;
				CLANG_WARN_SUSPICIOUS_MOVES = YES;
				CLANG_WARN_UNREACHABLE_CODE = YES;
				CLANG_WARN__DUPLICATE_METHOD_MATCH = YES;
				"CODE_SIGN_IDENTITY[sdk=iphoneos*]" = "iPhone Developer";
				COPY_PHASE_STRIP = NO;
				DEBUG_INFORMATION_FORMAT = dwarf;
				ENABLE_STRICT_OBJC_MSGSEND = YES;
				ENABLE_TESTABILITY = YES;
				GCC_C_LANGUAGE_STANDARD = gnu99;
				GCC_DYNAMIC_NO_PIC = NO;
				GCC_NO_COMMON_BLOCKS = YES;
				GCC_OPTIMIZATION_LEVEL = 0;
				GCC_PREPROCESSOR_DEFINITIONS = (
					"DEBUG=1",
					"$(inherited)",
				);
				GCC_WARN_64_TO_32_BIT_CONVERSION = YES;
				GCC_WARN_ABOUT_RETURN_TYPE = YES_ERROR;
				GCC_WARN_UNDECLARED_SELECTOR = YES;
				GCC_WARN_UNINITIALIZED_AUTOS = YES_AGGRESSIVE;
				GCC_WARN_UNUSED_FUNCTION = YES;
				GCC_WARN_UNUSED_VARIABLE = YES;
				IPHONEOS_DEPLOYMENT_TARGET = 10.0;
				MTL_ENABLE_DEBUG_INFO = YES;
				ONLY_ACTIVE_ARCH = YES;
				SDKROOT = iphoneos;
				SWIFT_ACTIVE_COMPILATION_CONDITIONS = DEBUG;
				SWIFT_OPTIMIZATION_LEVEL = "-Onone";
			};
			name = Debug;
		};
		634823C91DB5645C001B9BCC /* Release */ = {
			isa = XCBuildConfiguration;
			buildSettings = {
				ALWAYS_SEARCH_USER_PATHS = NO;
				CLANG_ANALYZER_NONNULL = YES;
				CLANG_CXX_LANGUAGE_STANDARD = "gnu++0x";
				CLANG_CXX_LIBRARY = "libc++";
				CLANG_ENABLE_MODULES = YES;
				CLANG_ENABLE_OBJC_ARC = YES;
				CLANG_WARN_BOOL_CONVERSION = YES;
				CLANG_WARN_CONSTANT_CONVERSION = YES;
				CLANG_WARN_DIRECT_OBJC_ISA_USAGE = YES_ERROR;
				CLANG_WARN_DOCUMENTATION_COMMENTS = YES;
				CLANG_WARN_EMPTY_BODY = YES;
				CLANG_WARN_ENUM_CONVERSION = YES;
				CLANG_WARN_INFINITE_RECURSION = YES;
				CLANG_WARN_INT_CONVERSION = YES;
				CLANG_WARN_OBJC_ROOT_CLASS = YES_ERROR;
				CLANG_WARN_SUSPICIOUS_MOVES = YES;
				CLANG_WARN_UNREACHABLE_CODE = YES;
				CLANG_WARN__DUPLICATE_METHOD_MATCH = YES;
				"CODE_SIGN_IDENTITY[sdk=iphoneos*]" = "iPhone Developer";
				COPY_PHASE_STRIP = NO;
				DEBUG_INFORMATION_FORMAT = "dwarf-with-dsym";
				ENABLE_NS_ASSERTIONS = NO;
				ENABLE_STRICT_OBJC_MSGSEND = YES;
				GCC_C_LANGUAGE_STANDARD = gnu99;
				GCC_NO_COMMON_BLOCKS = YES;
				GCC_WARN_64_TO_32_BIT_CONVERSION = YES;
				GCC_WARN_ABOUT_RETURN_TYPE = YES_ERROR;
				GCC_WARN_UNDECLARED_SELECTOR = YES;
				GCC_WARN_UNINITIALIZED_AUTOS = YES_AGGRESSIVE;
				GCC_WARN_UNUSED_FUNCTION = YES;
				GCC_WARN_UNUSED_VARIABLE = YES;
				IPHONEOS_DEPLOYMENT_TARGET = 10.0;
				MTL_ENABLE_DEBUG_INFO = NO;
				SDKROOT = iphoneos;
				SWIFT_OPTIMIZATION_LEVEL = "-Owholemodule";
				VALIDATE_PRODUCT = YES;
			};
			name = Release;
		};
		634823CB1DB5645C001B9BCC /* Debug */ = {
			isa = XCBuildConfiguration;
			buildSettings = {
				ASSETCATALOG_COMPILER_APPICON_NAME = AppIcon;
				DEVELOPMENT_TEAM = 2CKNNNH7SR;
				INFOPLIST_FILE = Squat/Info.plist;
				IPHONEOS_DEPLOYMENT_TARGET = 8.0;
				LD_RUNPATH_SEARCH_PATHS = "$(inherited) @executable_path/Frameworks";
				PRODUCT_BUNDLE_IDENTIFIER = com.lashkhi.Squat;
				PRODUCT_NAME = "$(TARGET_NAME)";
				SWIFT_VERSION = 3.0;
			};
			name = Debug;
		};
		634823CC1DB5645C001B9BCC /* Release */ = {
			isa = XCBuildConfiguration;
			buildSettings = {
				ASSETCATALOG_COMPILER_APPICON_NAME = AppIcon;
				DEVELOPMENT_TEAM = 2CKNNNH7SR;
				INFOPLIST_FILE = Squat/Info.plist;
				IPHONEOS_DEPLOYMENT_TARGET = 8.0;
				LD_RUNPATH_SEARCH_PATHS = "$(inherited) @executable_path/Frameworks";
				PRODUCT_BUNDLE_IDENTIFIER = com.lashkhi.Squat;
				PRODUCT_NAME = "$(TARGET_NAME)";
				SWIFT_VERSION = 3.0;
			};
			name = Release;
		};
/* End XCBuildConfiguration section */

/* Begin XCConfigurationList section */
		634823B31DB5645C001B9BCC /* Build configuration list for PBXProject "Squat" */ = {
			isa = XCConfigurationList;
			buildConfigurations = (
				634823C81DB5645C001B9BCC /* Debug */,
				634823C91DB5645C001B9BCC /* Release */,
			);
			defaultConfigurationIsVisible = 0;
			defaultConfigurationName = Release;
		};
		634823CA1DB5645C001B9BCC /* Build configuration list for PBXNativeTarget "Squat" */ = {
			isa = XCConfigurationList;
			buildConfigurations = (
				634823CB1DB5645C001B9BCC /* Debug */,
				634823CC1DB5645C001B9BCC /* Release */,
			);
			defaultConfigurationIsVisible = 0;
			defaultConfigurationName = Release;
		};
/* End XCConfigurationList section */
	};
	rootObject = 634823B01DB5645C001B9BCC /* Project object */;
}
